
Microsoft Visual Studio Solution File, Format Version 12.00
# Visual Studio 15
VisualStudioVersion = 15.0.27703.2000
MinimumVisualStudioVersion = 10.0.40219.1
Project("{FAE04EC0-301F-11D3-BF4B-00C04F79EFBC}") = "CP.WebApp", "CP.WebApp\CP.WebApp.csproj", "{34A55AD8-0FEC-4F8A-B77D-6F136124E8FA}"
EndProject
Project("{FAE04EC0-301F-11D3-BF4B-00C04F79EFBC}") = "CP.Aplicacao", "CP.Aplicacao\CP.Aplicacao.csproj", "{ED2893BA-BECA-4AF3-8AC1-433898ED23D5}"
EndProject
Global
	GlobalSection(SolutionConfigurationPlatforms) = preSolution
		Debug|Any CPU = Debug|Any CPU
		Release|Any CPU = Release|Any CPU
	EndGlobalSection
	GlobalSection(ProjectConfigurationPlatforms) = postSolution
		{34A55AD8-0FEC-4F8A-B77D-6F136124E8FA}.Debug|Any CPU.ActiveCfg = Debug|Any CPU
		{34A55AD8-0FEC-4F8A-B77D-6F136124E8FA}.Debug|Any CPU.Build.0 = Debug|Any CPU
		{34A55AD8-0FEC-4F8A-B77D-6F136124E8FA}.Release|Any CPU.ActiveCfg = Release|Any CPU
		{34A55AD8-0FEC-4F8A-B77D-6F136124E8FA}.Release|Any CPU.Build.0 = Release|Any CPU
		{ED2893BA-BECA-4AF3-8AC1-433898ED23D5}.Debug|Any CPU.ActiveCfg = Debug|Any CPU
		{ED2893BA-BECA-4AF3-8AC1-433898ED23D5}.Debug|Any CPU.Build.0 = Debug|Any CPU
		{ED2893BA-BECA-4AF3-8AC1-433898ED23D5}.Release|Any CPU.ActiveCfg = Release|Any CPU
		{ED2893BA-BECA-4AF3-8AC1-433898ED23D5}.Release|Any CPU.Build.0 = Release|Any CPU
	EndGlobalSection
	GlobalSection(SolutionProperties) = preSolution
		HideSolutionNode = FALSE
	EndGlobalSection
	GlobalSection(ExtensibilityGlobals) = postSolution
		SolutionGuid = {B1E85749-996E-4CDF-AFE1-3D191E645187}
	EndGlobalSection
EndGlobal
